
Microsoft Visual Studio Solution File, Format Version 12.00
# Visual Studio Version 17
VisualStudioVersion = 17.4.33213.308
MinimumVisualStudioVersion = 10.0.40219.1
Project("{FAE04EC0-301F-11D3-BF4B-00C04F79EFBC}") = "APIfilms", "APIfilms\APIfilms.csproj", "{D9420C99-5561-4563-A812-D691EADFD2BA}"
EndProject
Global
	GlobalSection(SolutionConfigurationPlatforms) = preSolution
		Debug|Any CPU = Debug|Any CPU
		Release|Any CPU = Release|Any CPU
	EndGlobalSection
	GlobalSection(ProjectConfigurationPlatforms) = postSolution
		{D9420C99-5561-4563-A812-D691EADFD2BA}.Debug|Any CPU.ActiveCfg = Debug|Any CPU
		{D9420C99-5561-4563-A812-D691EADFD2BA}.Debug|Any CPU.Build.0 = Debug|Any CPU
		{D9420C99-5561-4563-A812-D691EADFD2BA}.Release|Any CPU.ActiveCfg = Release|Any CPU
		{D9420C99-5561-4563-A812-D691EADFD2BA}.Release|Any CPU.Build.0 = Release|Any CPU
	EndGlobalSection
	GlobalSection(SolutionProperties) = preSolution
		HideSolutionNode = FALSE
	EndGlobalSection
	GlobalSection(ExtensibilityGlobals) = postSolution
		SolutionGuid = {920FE21E-6682-4CAA-980B-68EEC8D054C8}
	EndGlobalSection
EndGlobal
